
Microsoft Visual Studio Solution File, Format Version 12.00
# Visual Studio 15
VisualStudioVersion = 15.0.27428.2043
MinimumVisualStudioVersion = 10.0.40219.1
Project("{FAE04EC0-301F-11D3-BF4B-00C04F79EFBC}") = "SwaggerWebApp", "SwaggerWebApp\SwaggerWebApp.csproj", "{9E3D5022-72DD-422F-B35A-34ACCFCDF03B}"
EndProject
Project("{FAE04EC0-301F-11D3-BF4B-00C04F79EFBC}") = "WindowsFormsWebApiClient", "WindowsFormsWebApiClient\WindowsFormsWebApiClient.csproj", "{CCBC39DA-63BE-4BAD-8B7A-9DE0136D08C0}"
EndProject
Project("{FAE04EC0-301F-11D3-BF4B-00C04F79EFBC}") = "libTools", "libTools\libTools.csproj", "{892306C4-E2CB-482A-8FFF-E92A986E1AEF}"
EndProject
Global
	GlobalSection(SolutionConfigurationPlatforms) = preSolution
		Debug|Any CPU = Debug|Any CPU
		Release|Any CPU = Release|Any CPU
	EndGlobalSection
	GlobalSection(ProjectConfigurationPlatforms) = postSolution
		{9E3D5022-72DD-422F-B35A-34ACCFCDF03B}.Debug|Any CPU.ActiveCfg = Debug|Any CPU
		{9E3D5022-72DD-422F-B35A-34ACCFCDF03B}.Debug|Any CPU.Build.0 = Debug|Any CPU
		{9E3D5022-72DD-422F-B35A-34ACCFCDF03B}.Release|Any CPU.ActiveCfg = Debug|Any CPU
		{9E3D5022-72DD-422F-B35A-34ACCFCDF03B}.Release|Any CPU.Build.0 = Debug|Any CPU
		{CCBC39DA-63BE-4BAD-8B7A-9DE0136D08C0}.Debug|Any CPU.ActiveCfg = Debug|Any CPU
		{CCBC39DA-63BE-4BAD-8B7A-9DE0136D08C0}.Debug|Any CPU.Build.0 = Debug|Any CPU
		{CCBC39DA-63BE-4BAD-8B7A-9DE0136D08C0}.Release|Any CPU.ActiveCfg = Release|Any CPU
		{CCBC39DA-63BE-4BAD-8B7A-9DE0136D08C0}.Release|Any CPU.Build.0 = Release|Any CPU
		{892306C4-E2CB-482A-8FFF-E92A986E1AEF}.Debug|Any CPU.ActiveCfg = Debug|Any CPU
		{892306C4-E2CB-482A-8FFF-E92A986E1AEF}.Debug|Any CPU.Build.0 = Debug|Any CPU
		{892306C4-E2CB-482A-8FFF-E92A986E1AEF}.Release|Any CPU.ActiveCfg = Release|Any CPU
		{892306C4-E2CB-482A-8FFF-E92A986E1AEF}.Release|Any CPU.Build.0 = Release|Any CPU
	EndGlobalSection
	GlobalSection(SolutionProperties) = preSolution
		HideSolutionNode = FALSE
	EndGlobalSection
	GlobalSection(ExtensibilityGlobals) = postSolution
		SolutionGuid = {FA977EAE-AE9F-434D-A3E1-D1F878E8ABA6}
	EndGlobalSection
EndGlobal
